
Microsoft Visual Studio Solution File, Format Version 12.00
# Visual Studio 2013
VisualStudioVersion = 12.0.31101.0
MinimumVisualStudioVersion = 10.0.40219.1
Project("{FAE04EC0-301F-11D3-BF4B-00C04F79EFBC}") = "AppTest.WinPhone", "AppTest\AppTest.WinPhone\AppTest.WinPhone.csproj", "{1445AB8E-937B-4A2A-8548-F50377986695}"
EndProject
Project("{FAE04EC0-301F-11D3-BF4B-00C04F79EFBC}") = "AppTest.iOS", "AppTest\AppTest.iOS\AppTest.iOS.csproj", "{476DD49B-3F08-4C1A-A3E3-D8FE52544D36}"
EndProject
Project("{FAE04EC0-301F-11D3-BF4B-00C04F79EFBC}") = "AppTest.Droid", "AppTest\AppTest.Droid\AppTest.Droid.csproj", "{3A15BCDD-D0BD-43EF-BF37-77E22964E844}"
EndProject
Project("{D954291E-2A0B-460D-934E-DC6B0785DB48}") = "AppTest", "AppTest\AppTest\AppTest.shproj", "{B59328C7-BDAA-407B-BA28-F1C1A1FAAB07}"
EndProject
Project("{FAE04EC0-301F-11D3-BF4B-00C04F79EFBC}") = "Share", "Share\Share.csproj", "{67F9D3A8-F71E-4428-913F-C37AE82CDB24}"
EndProject
Global
	GlobalSection(SharedMSBuildProjectFiles) = preSolution
		AppTest\AppTest\AppTest.projitems*{3a15bcdd-d0bd-43ef-bf37-77e22964e844}*SharedItemsImports = 4
		AppTest\AppTest\AppTest.projitems*{b59328c7-bdaa-407b-ba28-f1c1a1faab07}*SharedItemsImports = 13
		AppTest\AppTest\AppTest.projitems*{1445ab8e-937b-4a2a-8548-f50377986695}*SharedItemsImports = 4
	EndGlobalSection
	GlobalSection(SolutionConfigurationPlatforms) = preSolution
		Ad-Hoc|Any CPU = Ad-Hoc|Any CPU
		Ad-Hoc|ARM = Ad-Hoc|ARM
		Ad-Hoc|iPhone = Ad-Hoc|iPhone
		Ad-Hoc|iPhoneSimulator = Ad-Hoc|iPhoneSimulator
		Ad-Hoc|Mixed Platforms = Ad-Hoc|Mixed Platforms
		Ad-Hoc|x86 = Ad-Hoc|x86
		AppStore|Any CPU = AppStore|Any CPU
		AppStore|ARM = AppStore|ARM
		AppStore|iPhone = AppStore|iPhone
		AppStore|iPhoneSimulator = AppStore|iPhoneSimulator
		AppStore|Mixed Platforms = AppStore|Mixed Platforms
		AppStore|x86 = AppStore|x86
		Debug|Any CPU = Debug|Any CPU
		Debug|ARM = Debug|ARM
		Debug|iPhone = Debug|iPhone
		Debug|iPhoneSimulator = Debug|iPhoneSimulator
		Debug|Mixed Platforms = Debug|Mixed Platforms
		Debug|x86 = Debug|x86
		Release|Any CPU = Release|Any CPU
		Release|ARM = Release|ARM
		Release|iPhone = Release|iPhone
		Release|iPhoneSimulator = Release|iPhoneSimulator
		Release|Mixed Platforms = Release|Mixed Platforms
		Release|x86 = Release|x86
	EndGlobalSection
	GlobalSection(ProjectConfigurationPlatforms) = postSolution
		{1445AB8E-937B-4A2A-8548-F50377986695}.Ad-Hoc|Any CPU.ActiveCfg = Release|Any CPU
		{1445AB8E-937B-4A2A-8548-F50377986695}.Ad-Hoc|Any CPU.Build.0 = Release|Any CPU
		{1445AB8E-937B-4A2A-8548-F50377986695}.Ad-Hoc|Any CPU.Deploy.0 = Release|Any CPU
		{1445AB8E-937B-4A2A-8548-F50377986695}.Ad-Hoc|ARM.ActiveCfg = Release|ARM
		{1445AB8E-937B-4A2A-8548-F50377986695}.Ad-Hoc|ARM.Build.0 = Release|ARM
		{1445AB8E-937B-4A2A-8548-F50377986695}.Ad-Hoc|ARM.Deploy.0 = Release|ARM
		{1445AB8E-937B-4A2A-8548-F50377986695}.Ad-Hoc|iPhone.ActiveCfg = Release|Any CPU
		{1445AB8E-937B-4A2A-8548-F50377986695}.Ad-Hoc|iPhoneSimulator.ActiveCfg = Release|Any CPU
		{1445AB8E-937B-4A2A-8548-F50377986695}.Ad-Hoc|Mixed Platforms.ActiveCfg = Release|x86
		{1445AB8E-937B-4A2A-8548-F50377986695}.Ad-Hoc|Mixed Platforms.Build.0 = Release|x86
		{1445AB8E-937B-4A2A-8548-F50377986695}.Ad-Hoc|Mixed Platforms.Deploy.0 = Release|x86
		{1445AB8E-937B-4A2A-8548-F50377986695}.Ad-Hoc|x86.ActiveCfg = Release|x86
		{1445AB8E-937B-4A2A-8548-F50377986695}.Ad-Hoc|x86.Build.0 = Release|x86
		{1445AB8E-937B-4A2A-8548-F50377986695}.Ad-Hoc|x86.Deploy.0 = Release|x86
		{1445AB8E-937B-4A2A-8548-F50377986695}.AppStore|Any CPU.ActiveCfg = Release|Any CPU
		{1445AB8E-937B-4A2A-8548-F50377986695}.AppStore|Any CPU.Build.0 = Release|Any CPU
		{1445AB8E-937B-4A2A-8548-F50377986695}.AppStore|Any CPU.Deploy.0 = Release|Any CPU
		{1445AB8E-937B-4A2A-8548-F50377986695}.AppStore|ARM.ActiveCfg = Release|ARM
		{1445AB8E-937B-4A2A-8548-F50377986695}.AppStore|ARM.Build.0 = Release|ARM
		{1445AB8E-937B-4A2A-8548-F50377986695}.AppStore|ARM.Deploy.0 = Release|ARM
		{1445AB8E-937B-4A2A-8548-F50377986695}.AppStore|iPhone.ActiveCfg = Release|Any CPU
		{1445AB8E-937B-4A2A-8548-F50377986695}.AppStore|iPhoneSimulator.ActiveCfg = Release|Any CPU
		{1445AB8E-937B-4A2A-8548-F50377986695}.AppStore|Mixed Platforms.ActiveCfg = Release|x86
		{1445AB8E-937B-4A2A-8548-F50377986695}.AppStore|Mixed Platforms.Build.0 = Release|x86
		{1445AB8E-937B-4A2A-8548-F50377986695}.AppStore|Mixed Platforms.Deploy.0 = Release|x86
		{1445AB8E-937B-4A2A-8548-F50377986695}.AppStore|x86.ActiveCfg = Release|x86
		{1445AB8E-937B-4A2A-8548-F50377986695}.AppStore|x86.Build.0 = Release|x86
		{1445AB8E-937B-4A2A-8548-F50377986695}.AppStore|x86.Deploy.0 = Release|x86
		{1445AB8E-937B-4A2A-8548-F50377986695}.Debug|Any CPU.ActiveCfg = Debug|Any CPU
		{1445AB8E-937B-4A2A-8548-F50377986695}.Debug|Any CPU.Build.0 = Debug|Any CPU
		{1445AB8E-937B-4A2A-8548-F50377986695}.Debug|Any CPU.Deploy.0 = Debug|Any CPU
		{1445AB8E-937B-4A2A-8548-F50377986695}.Debug|ARM.ActiveCfg = Debug|ARM
		{1445AB8E-937B-4A2A-8548-F50377986695}.Debug|ARM.Build.0 = Debug|ARM
		{1445AB8E-937B-4A2A-8548-F50377986695}.Debug|ARM.Deploy.0 = Debug|ARM
		{1445AB8E-937B-4A2A-8548-F50377986695}.Debug|iPhone.ActiveCfg = Debug|Any CPU
		{1445AB8E-937B-4A2A-8548-F50377986695}.Debug|iPhoneSimulator.ActiveCfg = Debug|Any CPU
		{1445AB8E-937B-4A2A-8548-F50377986695}.Debug|Mixed Platforms.ActiveCfg = Debug|x86
		{1445AB8E-937B-4A2A-8548-F50377986695}.Debug|Mixed Platforms.Build.0 = Debug|x86
		{1445AB8E-937B-4A2A-8548-F50377986695}.Debug|Mixed Platforms.Deploy.0 = Debug|x86
		{1445AB8E-937B-4A2A-8548-F50377986695}.Debug|x86.ActiveCfg = Debug|x86
		{1445AB8E-937B-4A2A-8548-F50377986695}.Debug|x86.Build.0 = Debug|x86
		{1445AB8E-937B-4A2A-8548-F50377986695}.Debug|x86.Deploy.0 = Debug|x86
		{1445AB8E-937B-4A2A-8548-F50377986695}.Release|Any CPU.ActiveCfg = Release|Any CPU
		{1445AB8E-937B-4A2A-8548-F50377986695}.Release|Any CPU.Build.0 = Release|Any CPU
		{1445AB8E-937B-4A2A-8548-F50377986695}.Release|Any CPU.Deploy.0 = Release|Any CPU
		{1445AB8E-937B-4A2A-8548-F50377986695}.Release|ARM.ActiveCfg = Release|ARM
		{1445AB8E-937B-4A2A-8548-F50377986695}.Release|ARM.Build.0 = Release|ARM
		{1445AB8E-937B-4A2A-8548-F50377986695}.Release|ARM.Deploy.0 = Release|ARM
		{1445AB8E-937B-4A2A-8548-F50377986695}.Release|iPhone.ActiveCfg = Release|Any CPU
		{1445AB8E-937B-4A2A-8548-F50377986695}.Release|iPhoneSimulator.ActiveCfg = Release|Any CPU
		{1445AB8E-937B-4A2A-8548-F50377986695}.Release|Mixed Platforms.ActiveCfg = Release|x86
		{1445AB8E-937B-4A2A-8548-F50377986695}.Release|Mixed Platforms.Build.0 = Release|x86
		{1445AB8E-937B-4A2A-8548-F50377986695}.Release|Mixed Platforms.Deploy.0 = Release|x86
		{1445AB8E-937B-4A2A-8548-F50377986695}.Release|x86.ActiveCfg = Release|x86
		{1445AB8E-937B-4A2A-8548-F50377986695}.Release|x86.Build.0 = Release|x86
		{1445AB8E-937B-4A2A-8548-F50377986695}.Release|x86.Deploy.0 = Release|x86
		{476DD49B-3F08-4C1A-A3E3-D8FE52544D36}.Ad-Hoc|Any CPU.ActiveCfg = Ad-Hoc|iPhone
		{476DD49B-3F08-4C1A-A3E3-D8FE52544D36}.Ad-Hoc|ARM.ActiveCfg = Ad-Hoc|iPhone
		{476DD49B-3F08-4C1A-A3E3-D8FE52544D36}.Ad-Hoc|iPhone.ActiveCfg = Ad-Hoc|iPhone
		{476DD49B-3F08-4C1A-A3E3-D8FE52544D36}.Ad-Hoc|iPhone.Build.0 = Ad-Hoc|iPhone
		{476DD49B-3F08-4C1A-A3E3-D8FE52544D36}.Ad-Hoc|iPhoneSimulator.ActiveCfg = Ad-Hoc|iPhoneSimulator
		{476DD49B-3F08-4C1A-A3E3-D8FE52544D36}.Ad-Hoc|iPhoneSimulator.Build.0 = Ad-Hoc|iPhoneSimulator
		{476DD49B-3F08-4C1A-A3E3-D8FE52544D36}.Ad-Hoc|Mixed Platforms.ActiveCfg = Ad-Hoc|iPhone
		{476DD49B-3F08-4C1A-A3E3-D8FE52544D36}.Ad-Hoc|Mixed Platforms.Build.0 = Ad-Hoc|iPhone
		{476DD49B-3F08-4C1A-A3E3-D8FE52544D36}.Ad-Hoc|x86.ActiveCfg = Ad-Hoc|iPhone
		{476DD49B-3F08-4C1A-A3E3-D8FE52544D36}.AppStore|Any CPU.ActiveCfg = AppStore|iPhone
		{476DD49B-3F08-4C1A-A3E3-D8FE52544D36}.AppStore|ARM.ActiveCfg = AppStore|iPhone
		{476DD49B-3F08-4C1A-A3E3-D8FE52544D36}.AppStore|iPhone.ActiveCfg = AppStore|iPhone
		{476DD49B-3F08-4C1A-A3E3-D8FE52544D36}.AppStore|iPhone.Build.0 = AppStore|iPhone
		{476DD49B-3F08-4C1A-A3E3-D8FE52544D36}.AppStore|iPhoneSimulator.ActiveCfg = AppStore|iPhoneSimulator
		{476DD49B-3F08-4C1A-A3E3-D8FE52544D36}.AppStore|iPhoneSimulator.Build.0 = AppStore|iPhoneSimulator
		{476DD49B-3F08-4C1A-A3E3-D8FE52544D36}.AppStore|Mixed Platforms.ActiveCfg = AppStore|iPhone
		{476DD49B-3F08-4C1A-A3E3-D8FE52544D36}.AppStore|Mixed Platforms.Build.0 = AppStore|iPhone
		{476DD49B-3F08-4C1A-A3E3-D8FE52544D36}.AppStore|x86.ActiveCfg = AppStore|iPhone
		{476DD49B-3F08-4C1A-A3E3-D8FE52544D36}.Debug|Any CPU.ActiveCfg = Debug|iPhone
		{476DD49B-3F08-4C1A-A3E3-D8FE52544D36}.Debug|ARM.ActiveCfg = Debug|iPhone
		{476DD49B-3F08-4C1A-A3E3-D8FE52544D36}.Debug|iPhone.ActiveCfg = Debug|iPhone
		{476DD49B-3F08-4C1A-A3E3-D8FE52544D36}.Debug|iPhone.Build.0 = Debug|iPhone
		{476DD49B-3F08-4C1A-A3E3-D8FE52544D36}.Debug|iPhoneSimulator.ActiveCfg = Debug|iPhoneSimulator
		{476DD49B-3F08-4C1A-A3E3-D8FE52544D36}.Debug|iPhoneSimulator.Build.0 = Debug|iPhoneSimulator
		{476DD49B-3F08-4C1A-A3E3-D8FE52544D36}.Debug|Mixed Platforms.ActiveCfg = Debug|iPhone
		{476DD49B-3F08-4C1A-A3E3-D8FE52544D36}.Debug|Mixed Platforms.Build.0 = Debug|iPhone
		{476DD49B-3F08-4C1A-A3E3-D8FE52544D36}.Debug|x86.ActiveCfg = Debug|iPhone
		{476DD49B-3F08-4C1A-A3E3-D8FE52544D36}.Release|Any CPU.ActiveCfg = Release|iPhone
		{476DD49B-3F08-4C1A-A3E3-D8FE52544D36}.Release|ARM.ActiveCfg = Release|iPhone
		{476DD49B-3F08-4C1A-A3E3-D8FE52544D36}.Release|iPhone.ActiveCfg = Release|iPhone
		{476DD49B-3F08-4C1A-A3E3-D8FE52544D36}.Release|iPhone.Build.0 = Release|iPhone
		{476DD49B-3F08-4C1A-A3E3-D8FE52544D36}.Release|iPhoneSimulator.ActiveCfg = Release|iPhoneSimulator
		{476DD49B-3F08-4C1A-A3E3-D8FE52544D36}.Release|iPhoneSimulator.Build.0 = Release|iPhoneSimulator
		{476DD49B-3F08-4C1A-A3E3-D8FE52544D36}.Release|Mixed Platforms.ActiveCfg = Release|iPhone
		{476DD49B-3F08-4C1A-A3E3-D8FE52544D36}.Release|Mixed Platforms.Build.0 = Release|iPhone
		{476DD49B-3F08-4C1A-A3E3-D8FE52544D36}.Release|x86.ActiveCfg = Release|iPhone
		{3A15BCDD-D0BD-43EF-BF37-77E22964E844}.Ad-Hoc|Any CPU.ActiveCfg = Release|Any CPU
		{3A15BCDD-D0BD-43EF-BF37-77E22964E844}.Ad-Hoc|Any CPU.Build.0 = Release|Any CPU
		{3A15BCDD-D0BD-43EF-BF37-77E22964E844}.Ad-Hoc|Any CPU.Deploy.0 = Release|Any CPU
		{3A15BCDD-D0BD-43EF-BF37-77E22964E844}.Ad-Hoc|ARM.ActiveCfg = Release|Any CPU
		{3A15BCDD-D0BD-43EF-BF37-77E22964E844}.Ad-Hoc|iPhone.ActiveCfg = Release|Any CPU
		{3A15BCDD-D0BD-43EF-BF37-77E22964E844}.Ad-Hoc|iPhoneSimulator.ActiveCfg = Release|Any CPU
		{3A15BCDD-D0BD-43EF-BF37-77E22964E844}.Ad-Hoc|Mixed Platforms.ActiveCfg = Release|Any CPU
		{3A15BCDD-D0BD-43EF-BF37-77E22964E844}.Ad-Hoc|Mixed Platforms.Build.0 = Release|Any CPU
		{3A15BCDD-D0BD-43EF-BF37-77E22964E844}.Ad-Hoc|Mixed Platforms.Deploy.0 = Release|Any CPU
		{3A15BCDD-D0BD-43EF-BF37-77E22964E844}.Ad-Hoc|x86.ActiveCfg = Release|Any CPU
		{3A15BCDD-D0BD-43EF-BF37-77E22964E844}.AppStore|Any CPU.ActiveCfg = Release|Any CPU
		{3A15BCDD-D0BD-43EF-BF37-77E22964E844}.AppStore|Any CPU.Build.0 = Release|Any CPU
		{3A15BCDD-D0BD-43EF-BF37-77E22964E844}.AppStore|Any CPU.Deploy.0 = Release|Any CPU
		{3A15BCDD-D0BD-43EF-BF37-77E22964E844}.AppStore|ARM.ActiveCfg = Release|Any CPU
		{3A15BCDD-D0BD-43EF-BF37-77E22964E844}.AppStore|iPhone.ActiveCfg = Release|Any CPU
		{3A15BCDD-D0BD-43EF-BF37-77E22964E844}.AppStore|iPhoneSimulator.ActiveCfg = Release|Any CPU
		{3A15BCDD-D0BD-43EF-BF37-77E22964E844}.AppStore|Mixed Platforms.ActiveCfg = Release|Any CPU
		{3A15BCDD-D0BD-43EF-BF37-77E22964E844}.AppStore|Mixed Platforms.Build.0 = Release|Any CPU
		{3A15BCDD-D0BD-43EF-BF37-77E22964E844}.AppStore|Mixed Platforms.Deploy.0 = Release|Any CPU
		{3A15BCDD-D0BD-43EF-BF37-77E22964E844}.AppStore|x86.ActiveCfg = Release|Any CPU
		{3A15BCDD-D0BD-43EF-BF37-77E22964E844}.Debug|Any CPU.ActiveCfg = Debug|Any CPU
		{3A15BCDD-D0BD-43EF-BF37-77E22964E844}.Debug|Any CPU.Build.0 = Debug|Any CPU
		{3A15BCDD-D0BD-43EF-BF37-77E22964E844}.Debug|Any CPU.Deploy.0 = Debug|Any CPU
		{3A15BCDD-D0BD-43EF-BF37-77E22964E844}.Debug|ARM.ActiveCfg = Debug|Any CPU
		{3A15BCDD-D0BD-43EF-BF37-77E22964E844}.Debug|iPhone.ActiveCfg = Debug|Any CPU
		{3A15BCDD-D0BD-43EF-BF37-77E22964E844}.Debug|iPhoneSimulator.ActiveCfg = Debug|Any CPU
		{3A15BCDD-D0BD-43EF-BF37-77E22964E844}.Debug|Mixed Platforms.ActiveCfg = Debug|Any CPU
		{3A15BCDD-D0BD-43EF-BF37-77E22964E844}.Debug|Mixed Platforms.Build.0 = Debug|Any CPU
		{3A15BCDD-D0BD-43EF-BF37-77E22964E844}.Debug|Mixed Platforms.Deploy.0 = Debug|Any CPU
		{3A15BCDD-D0BD-43EF-BF37-77E22964E844}.Debug|x86.ActiveCfg = Debug|Any CPU
		{3A15BCDD-D0BD-43EF-BF37-77E22964E844}.Release|Any CPU.ActiveCfg = Release|Any CPU
		{3A15BCDD-D0BD-43EF-BF37-77E22964E844}.Release|Any CPU.Build.0 = Release|Any CPU
		{3A15BCDD-D0BD-43EF-BF37-77E22964E844}.Release|Any CPU.Deploy.0 = Release|Any CPU
		{3A15BCDD-D0BD-43EF-BF37-77E22964E844}.Release|ARM.ActiveCfg = Release|Any CPU
		{3A15BCDD-D0BD-43EF-BF37-77E22964E844}.Release|iPhone.ActiveCfg = Release|Any CPU
		{3A15BCDD-D0BD-43EF-BF37-77E22964E844}.Release|iPhoneSimulator.ActiveCfg = Release|Any CPU
		{3A15BCDD-D0BD-43EF-BF37-77E22964E844}.Release|Mixed Platforms.ActiveCfg = Release|Any CPU
		{3A15BCDD-D0BD-43EF-BF37-77E22964E844}.Release|Mixed Platforms.Build.0 = Release|Any CPU
		{3A15BCDD-D0BD-43EF-BF37-77E22964E844}.Release|Mixed Platforms.Deploy.0 = Release|Any CPU
		{3A15BCDD-D0BD-43EF-BF37-77E22964E844}.Release|x86.ActiveCfg = Release|Any CPU
		{67F9D3A8-F71E-4428-913F-C37AE82CDB24}.Ad-Hoc|Any CPU.ActiveCfg = Release|Any CPU
		{67F9D3A8-F71E-4428-913F-C37AE82CDB24}.Ad-Hoc|Any CPU.Build.0 = Release|Any CPU
		{67F9D3A8-F71E-4428-913F-C37AE82CDB24}.Ad-Hoc|ARM.ActiveCfg = Release|Any CPU
		{67F9D3A8-F71E-4428-913F-C37AE82CDB24}.Ad-Hoc|iPhone.ActiveCfg = Release|Any CPU
		{67F9D3A8-F71E-4428-913F-C37AE82CDB24}.Ad-Hoc|iPhoneSimulator.ActiveCfg = Release|Any CPU
		{67F9D3A8-F71E-4428-913F-C37AE82CDB24}.Ad-Hoc|Mixed Platforms.ActiveCfg = Release|Any CPU
		{67F9D3A8-F71E-4428-913F-C37AE82CDB24}.Ad-Hoc|Mixed Platforms.Build.0 = Release|Any CPU
		{67F9D3A8-F71E-4428-913F-C37AE82CDB24}.Ad-Hoc|x86.ActiveCfg = Release|Any CPU
		{67F9D3A8-F71E-4428-913F-C37AE82CDB24}.AppStore|Any CPU.ActiveCfg = Release|Any CPU
		{67F9D3A8-F71E-4428-913F-C37AE82CDB24}.AppStore|Any CPU.Build.0 = Release|Any CPU
		{67F9D3A8-F71E-4428-913F-C37AE82CDB24}.AppStore|ARM.ActiveCfg = Release|Any CPU
		{67F9D3A8-F71E-4428-913F-C37AE82CDB24}.AppStore|iPhone.ActiveCfg = Release|Any CPU
		{67F9D3A8-F71E-4428-913F-C37AE82CDB24}.AppStore|iPhoneSimulator.ActiveCfg = Release|Any CPU
		{67F9D3A8-F71E-4428-913F-C37AE82CDB24}.AppStore|Mixed Platforms.ActiveCfg = Release|Any CPU
		{67F9D3A8-F71E-4428-913F-C37AE82CDB24}.AppStore|Mixed Platforms.Build.0 = Release|Any CPU
		{67F9D3A8-F71E-4428-913F-C37AE82CDB24}.AppStore|x86.ActiveCfg = Release|Any CPU
		{67F9D3A8-F71E-4428-913F-C37AE82CDB24}.Debug|Any CPU.ActiveCfg = Debug|Any CPU
		{67F9D3A8-F71E-4428-913F-C37AE82CDB24}.Debug|Any CPU.Build.0 = Debug|Any CPU
		{67F9D3A8-F71E-4428-913F-C37AE82CDB24}.Debug|ARM.ActiveCfg = Debug|Any CPU
		{67F9D3A8-F71E-4428-913F-C37AE82CDB24}.Debug|iPhone.ActiveCfg = Debug|Any CPU
		{67F9D3A8-F71E-4428-913F-C37AE82CDB24}.Debug|iPhoneSimulator.ActiveCfg = Debug|Any CPU
		{67F9D3A8-F71E-4428-913F-C37AE82CDB24}.Debug|Mixed Platforms.ActiveCfg = Debug|Any CPU
		{67F9D3A8-F71E-4428-913F-C37AE82CDB24}.Debug|Mixed Platforms.Build.0 = Debug|Any CPU
		{67F9D3A8-F71E-4428-913F-C37AE82CDB24}.Debug|x86.ActiveCfg = Debug|Any CPU
		{67F9D3A8-F71E-4428-913F-C37AE82CDB24}.Release|Any CPU.ActiveCfg = Release|Any CPU
		{67F9D3A8-F71E-4428-913F-C37AE82CDB24}.Release|Any CPU.Build.0 = Release|Any CPU
		{67F9D3A8-F71E-4428-913F-C37AE82CDB24}.Release|ARM.ActiveCfg = Release|Any CPU
		{67F9D3A8-F71E-4428-913F-C37AE82CDB24}.Release|iPhone.ActiveCfg = Release|Any CPU
		{67F9D3A8-F71E-4428-913F-C37AE82CDB24}.Release|iPhoneSimulator.ActiveCfg = Release|Any CPU
		{67F9D3A8-F71E-4428-913F-C37AE82CDB24}.Release|Mixed Platforms.ActiveCfg = Release|Any CPU
		{67F9D3A8-F71E-4428-913F-C37AE82CDB24}.Release|Mixed Platforms.Build.0 = Release|Any CPU
		{67F9D3A8-F71E-4428-913F-C37AE82CDB24}.Release|x86.ActiveCfg = Release|Any CPU
	EndGlobalSection
	GlobalSection(SolutionProperties) = preSolution
		HideSolutionNode = FALSE
	EndGlobalSection
EndGlobal
